// !$*UTF8*$!
{
	archiveVersion = 1;
	classes = {
	};
	objectVersion = 48;
	objects = {

/* Begin PBXBuildFile section */
		3D024E3969CC360126B35180 /* libPods-ImitateDY.a in Frameworks */ = {isa = PBXBuildFile; fileRef = 9061B4A6015090566D69D959 /* libPods-ImitateDY.a */; };
		44F49A111FC56C4900E52CE5 /* AppDelegate.m in Sources */ = {isa = PBXBuildFile; fileRef = 44F49A101FC56C4900E52CE5 /* AppDelegate.m */; };
		44F49A191FC56C4900E52CE5 /* Assets.xcassets in Resources */ = {isa = PBXBuildFile; fileRef = 44F49A181FC56C4900E52CE5 /* Assets.xcassets */; };
		44F49A1C1FC56C4900E52CE5 /* LaunchScreen.storyboard in Resources */ = {isa = PBXBuildFile; fileRef = 44F49A1A1FC56C4900E52CE5 /* LaunchScreen.storyboard */; };
		44F49A1F1FC56C4900E52CE5 /* main.m in Sources */ = {isa = PBXBuildFile; fileRef = 44F49A1E1FC56C4900E52CE5 /* main.m */; };
		44F49A291FC56C4900E52CE5 /* ImitateDYUITests.m in Sources */ = {isa = PBXBuildFile; fileRef = 44F49A281FC56C4900E52CE5 /* ImitateDYUITests.m */; };
		44F49A351FC57D2000E52CE5 /* MainViewController.m in Sources */ = {isa = PBXBuildFile; fileRef = 44F49A341FC57D2000E52CE5 /* MainViewController.m */; };
		44F49A391FC5837D00E52CE5 /* VideoModel.m in Sources */ = {isa = PBXBuildFile; fileRef = 44F49A381FC5837D00E52CE5 /* VideoModel.m */; };
		44F49A3C1FC586DD00E52CE5 /* PlayerScrollView.m in Sources */ = {isa = PBXBuildFile; fileRef = 44F49A3B1FC586DD00E52CE5 /* PlayerScrollView.m */; };
		C5F04B3D40F0A2630A67F9A6 /* libPods-ImitateDYUITests.a in Frameworks */ = {isa = PBXBuildFile; fileRef = A48BD032F634DFF9888CAB24 /* libPods-ImitateDYUITests.a */; };
/* End PBXBuildFile section */

/* Begin PBXContainerItemProxy section */
		44F49A251FC56C4900E52CE5 /* PBXContainerItemProxy */ = {
			isa = PBXContainerItemProxy;
			containerPortal = 44F49A041FC56C4800E52CE5 /* Project object */;
			proxyType = 1;
			remoteGlobalIDString = 44F49A0B1FC56C4800E52CE5;
			remoteInfo = ImitateDY;
		};
/* End PBXContainerItemProxy section */

/* Begin PBXFileReference section */
		0EEE0DA2E9F745E6CF9B5D41 /* Pods-ImitateDYUITests.release.xcconfig */ = {isa = PBXFileReference; includeInIndex = 1; lastKnownFileType = text.xcconfig; name = "Pods-ImitateDYUITests.release.xcconfig"; path = "Pods/Target Support Files/Pods-ImitateDYUITests/Pods-ImitateDYUITests.release.xcconfig"; sourceTree = "<group>"; };
		2A177CAC7E827970AEB2B12A /* Pods-ImitateDYUITests.debug.xcconfig */ = {isa = PBXFileReference; includeInIndex = 1; lastKnownFileType = text.xcconfig; name = "Pods-ImitateDYUITests.debug.xcconfig"; path = "Pods/Target Support Files/Pods-ImitateDYUITests/Pods-ImitateDYUITests.debug.xcconfig"; sourceTree = "<group>"; };
		44F49A0C1FC56C4900E52CE5 /* ImitateDY.app */ = {isa = PBXFileReference; explicitFileType = wrapper.application; includeInIndex = 0; path = ImitateDY.app; sourceTree = BUILT_PRODUCTS_DIR; };
		44F49A0F1FC56C4900E52CE5 /* AppDelegate.h */ = {isa = PBXFileReference; lastKnownFileType = sourcecode.c.h; path = AppDelegate.h; sourceTree = "<group>"; };
		44F49A101FC56C4900E52CE5 /* AppDelegate.m */ = {isa = PBXFileReference; lastKnownFileType = sourcecode.c.objc; path = AppDelegate.m; sourceTree = "<group>"; };
		44F49A181FC56C4900E52CE5 /* Assets.xcassets */ = {isa = PBXFileReference; lastKnownFileType = folder.assetcatalog; path = Assets.xcassets; sourceTree = "<group>"; };
		44F49A1B1FC56C4900E52CE5 /* Base */ = {isa = PBXFileReference; lastKnownFileType = file.storyboard; name = Base; path = Base.lproj/LaunchScreen.storyboard; sourceTree = "<group>"; };
		44F49A1D1FC56C4900E52CE5 /* Info.plist */ = {isa = PBXFileReference; lastKnownFileType = text.plist.xml; path = Info.plist; sourceTree = "<group>"; };
		44F49A1E1FC56C4900E52CE5 /* main.m */ = {isa = PBXFileReference; lastKnownFileType = sourcecode.c.objc; path = main.m; sourceTree = "<group>"; };
		44F49A241FC56C4900E52CE5 /* ImitateDYUITests.xctest */ = {isa = PBXFileReference; explicitFileType = wrapper.cfbundle; includeInIndex = 0; path = ImitateDYUITests.xctest; sourceTree = BUILT_PRODUCTS_DIR; };
		44F49A281FC56C4900E52CE5 /* ImitateDYUITests.m */ = {isa = PBXFileReference; lastKnownFileType = sourcecode.c.objc; path = ImitateDYUITests.m; sourceTree = "<group>"; };
		44F49A2A1FC56C4900E52CE5 /* Info.plist */ = {isa = PBXFileReference; lastKnownFileType = text.plist.xml; path = Info.plist; sourceTree = "<group>"; };
		44F49A331FC57D2000E52CE5 /* MainViewController.h */ = {isa = PBXFileReference; lastKnownFileType = sourcecode.c.h; path = MainViewController.h; sourceTree = "<group>"; };
		44F49A341FC57D2000E52CE5 /* MainViewController.m */ = {isa = PBXFileReference; lastKnownFileType = sourcecode.c.objc; path = MainViewController.m; sourceTree = "<group>"; };
		44F49A361FC57E3400E52CE5 /* PrefixHeader.pch */ = {isa = PBXFileReference; fileEncoding = 4; lastKnownFileType = sourcecode.c.h; path = PrefixHeader.pch; sourceTree = SOURCE_ROOT; };
		44F49A371FC5837D00E52CE5 /* VideoModel.h */ = {isa = PBXFileReference; lastKnownFileType = sourcecode.c.h; path = VideoModel.h; sourceTree = "<group>"; };
		44F49A381FC5837D00E52CE5 /* VideoModel.m */ = {isa = PBXFileReference; lastKnownFileType = sourcecode.c.objc; path = VideoModel.m; sourceTree = "<group>"; };
		44F49A3A1FC586DD00E52CE5 /* PlayerScrollView.h */ = {isa = PBXFileReference; lastKnownFileType = sourcecode.c.h; path = PlayerScrollView.h; sourceTree = "<group>"; };
		44F49A3B1FC586DD00E52CE5 /* PlayerScrollView.m */ = {isa = PBXFileReference; lastKnownFileType = sourcecode.c.objc; path = PlayerScrollView.m; sourceTree = "<group>"; };
		745D023DC6C3B5E2058CB026 /* Pods-ImitateDY.debug.xcconfig */ = {isa = PBXFileReference; includeInIndex = 1; lastKnownFileType = text.xcconfig; name = "Pods-ImitateDY.debug.xcconfig"; path = "Pods/Target Support Files/Pods-ImitateDY/Pods-ImitateDY.debug.xcconfig"; sourceTree = "<group>"; };
		9061B4A6015090566D69D959 /* libPods-ImitateDY.a */ = {isa = PBXFileReference; explicitFileType = archive.ar; includeInIndex = 0; path = "libPods-ImitateDY.a"; sourceTree = BUILT_PRODUCTS_DIR; };
		907EAEBDEB284D6B7D587C70 /* Pods-ImitateDY.release.xcconfig */ = {isa = PBXFileReference; includeInIndex = 1; lastKnownFileType = text.xcconfig; name = "Pods-ImitateDY.release.xcconfig"; path = "Pods/Target Support Files/Pods-ImitateDY/Pods-ImitateDY.release.xcconfig"; sourceTree = "<group>"; };
		A48BD032F634DFF9888CAB24 /* libPods-ImitateDYUITests.a */ = {isa = PBXFileReference; explicitFileType = archive.ar; includeInIndex = 0; path = "libPods-ImitateDYUITests.a"; sourceTree = BUILT_PRODUCTS_DIR; };
/* End PBXFileReference section */

/* Begin PBXFrameworksBuildPhase section */
		44F49A091FC56C4800E52CE5 /* Frameworks */ = {
			isa = PBXFrameworksBuildPhase;
			buildActionMask = 2147483647;
			files = (
				3D024E3969CC360126B35180 /* libPods-ImitateDY.a in Frameworks */,
			);
			runOnlyForDeploymentPostprocessing = 0;
		};
		44F49A211FC56C4900E52CE5 /* Frameworks */ = {
			isa = PBXFrameworksBuildPhase;
			buildActionMask = 2147483647;
			files = (
				C5F04B3D40F0A2630A67F9A6 /* libPods-ImitateDYUITests.a in Frameworks */,
			);
			runOnlyForDeploymentPostprocessing = 0;
		};
/* End PBXFrameworksBuildPhase section */

/* Begin PBXGroup section */
		0D9A23770453A514BD34AB1E /* Frameworks */ = {
			isa = PBXGroup;
			children = (
				9061B4A6015090566D69D959 /* libPods-ImitateDY.a */,
				A48BD032F634DFF9888CAB24 /* libPods-ImitateDYUITests.a */,
			);
			name = Frameworks;
			sourceTree = "<group>";
		};
		21CCBF38390F1455E6EE3B8B /* Pods */ = {
			isa = PBXGroup;
			children = (
				745D023DC6C3B5E2058CB026 /* Pods-ImitateDY.debug.xcconfig */,
				907EAEBDEB284D6B7D587C70 /* Pods-ImitateDY.release.xcconfig */,
				2A177CAC7E827970AEB2B12A /* Pods-ImitateDYUITests.debug.xcconfig */,
				0EEE0DA2E9F745E6CF9B5D41 /* Pods-ImitateDYUITests.release.xcconfig */,
			);
			name = Pods;
			sourceTree = "<group>";
		};
		44F49A031FC56C4800E52CE5 = {
			isa = PBXGroup;
			children = (
				44F49A0E1FC56C4900E52CE5 /* ImitateDY */,
				44F49A271FC56C4900E52CE5 /* ImitateDYUITests */,
				44F49A0D1FC56C4900E52CE5 /* Products */,
				21CCBF38390F1455E6EE3B8B /* Pods */,
				0D9A23770453A514BD34AB1E /* Frameworks */,
			);
			sourceTree = "<group>";
		};
		44F49A0D1FC56C4900E52CE5 /* Products */ = {
			isa = PBXGroup;
			children = (
				44F49A0C1FC56C4900E52CE5 /* ImitateDY.app */,
				44F49A241FC56C4900E52CE5 /* ImitateDYUITests.xctest */,
			);
			name = Products;
			sourceTree = "<group>";
		};
		44F49A0E1FC56C4900E52CE5 /* ImitateDY */ = {
			isa = PBXGroup;
			children = (
				44F49A0F1FC56C4900E52CE5 /* AppDelegate.h */,
				44F49A101FC56C4900E52CE5 /* AppDelegate.m */,
				44F49A331FC57D2000E52CE5 /* MainViewController.h */,
				44F49A341FC57D2000E52CE5 /* MainViewController.m */,
				44F49A3A1FC586DD00E52CE5 /* PlayerScrollView.h */,
				44F49A3B1FC586DD00E52CE5 /* PlayerScrollView.m */,
				44F49A371FC5837D00E52CE5 /* VideoModel.h */,
				44F49A381FC5837D00E52CE5 /* VideoModel.m */,
				44F49A181FC56C4900E52CE5 /* Assets.xcassets */,
				44F49A1A1FC56C4900E52CE5 /* LaunchScreen.storyboard */,
				44F49A1D1FC56C4900E52CE5 /* Info.plist */,
				44F49A1E1FC56C4900E52CE5 /* main.m */,
				44F49A361FC57E3400E52CE5 /* PrefixHeader.pch */,
			);
			path = ImitateDY;
			sourceTree = "<group>";
		};
		44F49A271FC56C4900E52CE5 /* ImitateDYUITests */ = {
			isa = PBXGroup;
			children = (
				44F49A281FC56C4900E52CE5 /* ImitateDYUITests.m */,
				44F49A2A1FC56C4900E52CE5 /* Info.plist */,
			);
			path = ImitateDYUITests;
			sourceTree = "<group>";
		};
/* End PBXGroup section */

/* Begin PBXNativeTarget section */
		44F49A0B1FC56C4800E52CE5 /* ImitateDY */ = {
			isa = PBXNativeTarget;
			buildConfigurationList = 44F49A2D1FC56C4900E52CE5 /* Build configuration list for PBXNativeTarget "ImitateDY" */;
			buildPhases = (
				91C845E066A8C1B1519D92E4 /* [CP] Check Pods Manifest.lock */,
				44F49A081FC56C4800E52CE5 /* Sources */,
				44F49A091FC56C4800E52CE5 /* Frameworks */,
				44F49A0A1FC56C4800E52CE5 /* Resources */,
				E00891E2C24AA03B308CCE31 /* [CP] Embed Pods Frameworks */,
				416ACED5E1E996EDEC3AFF79 /* [CP] Copy Pods Resources */,
			);
			buildRules = (
			);
			dependencies = (
			);
			name = ImitateDY;
			productName = ImitateDY;
			productReference = 44F49A0C1FC56C4900E52CE5 /* ImitateDY.app */;
			productType = "com.apple.product-type.application";
		};
		44F49A231FC56C4900E52CE5 /* ImitateDYUITests */ = {
			isa = PBXNativeTarget;
			buildConfigurationList = 44F49A301FC56C4900E52CE5 /* Build configuration list for PBXNativeTarget "ImitateDYUITests" */;
			buildPhases = (
				CED47C102EE42C0B28D7C717 /* [CP] Check Pods Manifest.lock */,
				44F49A201FC56C4900E52CE5 /* Sources */,
				44F49A211FC56C4900E52CE5 /* Frameworks */,
				44F49A221FC56C4900E52CE5 /* Resources */,
				66EDC69FA6DA3A3BD23E5D76 /* [CP] Embed Pods Frameworks */,
				64A9A28533F5BFF04EE40179 /* [CP] Copy Pods Resources */,
			);
			buildRules = (
			);
			dependencies = (
				44F49A261FC56C4900E52CE5 /* PBXTargetDependency */,
			);
			name = ImitateDYUITests;
			productName = ImitateDYUITests;
			productReference = 44F49A241FC56C4900E52CE5 /* ImitateDYUITests.xctest */;
			productType = "com.apple.product-type.bundle.ui-testing";
		};
/* End PBXNativeTarget section */

/* Begin PBXProject section */
		44F49A041FC56C4800E52CE5 /* Project object */ = {
			isa = PBXProject;
			attributes = {
				LastUpgradeCheck = 0910;
				ORGANIZATIONNAME = "Apple-YangWei";
				TargetAttributes = {
					44F49A0B1FC56C4800E52CE5 = {
						CreatedOnToolsVersion = 9.1;
						ProvisioningStyle = Automatic;
					};
					44F49A231FC56C4900E52CE5 = {
						CreatedOnToolsVersion = 9.1;
						ProvisioningStyle = Automatic;
						TestTargetID = 44F49A0B1FC56C4800E52CE5;
					};
				};
			};
			buildConfigurationList = 44F49A071FC56C4800E52CE5 /* Build configuration list for PBXProject "ImitateDY" */;
			compatibilityVersion = "Xcode 8.0";
			developmentRegion = en;
			hasScannedForEncodings = 0;
			knownRegions = (
				en,
				Base,
			);
			mainGroup = 44F49A031FC56C4800E52CE5;
			productRefGroup = 44F49A0D1FC56C4900E52CE5 /* Products */;
			projectDirPath = "";
			projectRoot = "";
			targets = (
				44F49A0B1FC56C4800E52CE5 /* ImitateDY */,
				44F49A231FC56C4900E52CE5 /* ImitateDYUITests */,
			);
		};
/* End PBXProject section */

/* Begin PBXResourcesBuildPhase section */
		44F49A0A1FC56C4800E52CE5 /* Resources */ = {
			isa = PBXResourcesBuildPhase;
			buildActionMask = 2147483647;
			files = (
				44F49A1C1FC56C4900E52CE5 /* LaunchScreen.storyboard in Resources */,
				44F49A191FC56C4900E52CE5 /* Assets.xcassets in Resources */,
			);
			runOnlyForDeploymentPostprocessing = 0;
		};
		44F49A221FC56C4900E52CE5 /* Resources */ = {
			isa = PBXResourcesBuildPhase;
			buildActionMask = 2147483647;
			files = (
			);
			runOnlyForDeploymentPostprocessing = 0;
		};
/* End PBXResourcesBuildPhase section */

/* Begin PBXShellScriptBuildPhase section */
		416ACED5E1E996EDEC3AFF79 /* [CP] Copy Pods Resources */ = {
			isa = PBXShellScriptBuildPhase;
			buildActionMask = 2147483647;
			files = (
			);
			inputPaths = (
			);
			name = "[CP] Copy Pods Resources";
			outputPaths = (
			);
			runOnlyForDeploymentPostprocessing = 0;
			shellPath = /bin/sh;
			shellScript = "\"${SRCROOT}/Pods/Target Support Files/Pods-ImitateDY/Pods-ImitateDY-resources.sh\"\n";
			showEnvVarsInLog = 0;
		};
		64A9A28533F5BFF04EE40179 /* [CP] Copy Pods Resources */ = {
			isa = PBXShellScriptBuildPhase;
			buildActionMask = 2147483647;
			files = (
			);
			inputPaths = (
			);
			name = "[CP] Copy Pods Resources";
			outputPaths = (
			);
			runOnlyForDeploymentPostprocessing = 0;
			shellPath = /bin/sh;
			shellScript = "\"${SRCROOT}/Pods/Target Support Files/Pods-ImitateDYUITests/Pods-ImitateDYUITests-resources.sh\"\n";
			showEnvVarsInLog = 0;
		};
		66EDC69FA6DA3A3BD23E5D76 /* [CP] Embed Pods Frameworks */ = {
			isa = PBXShellScriptBuildPhase;
			buildActionMask = 2147483647;
			files = (
			);
			inputPaths = (
			);
			name = "[CP] Embed Pods Frameworks";
			outputPaths = (
			);
			runOnlyForDeploymentPostprocessing = 0;
			shellPath = /bin/sh;
			shellScript = "\"${SRCROOT}/Pods/Target Support Files/Pods-ImitateDYUITests/Pods-ImitateDYUITests-frameworks.sh\"\n";
			showEnvVarsInLog = 0;
		};
		91C845E066A8C1B1519D92E4 /* [CP] Check Pods Manifest.lock */ = {
			isa = PBXShellScriptBuildPhase;
			buildActionMask = 2147483647;
			files = (
			);
			inputPaths = (
			);
			name = "[CP] Check Pods Manifest.lock";
			outputPaths = (
			);
			runOnlyForDeploymentPostprocessing = 0;
			shellPath = /bin/sh;
			shellScript = "diff \"${PODS_ROOT}/../Podfile.lock\" \"${PODS_ROOT}/Manifest.lock\" > /dev/null\nif [ $? != 0 ] ; then\n    # print error to STDERR\n    echo \"error: The sandbox is not in sync with the Podfile.lock. Run 'pod install' or update your CocoaPods installation.\" >&2\n    exit 1\nfi\n";
			showEnvVarsInLog = 0;
		};
		CED47C102EE42C0B28D7C717 /* [CP] Check Pods Manifest.lock */ = {
			isa = PBXShellScriptBuildPhase;
			buildActionMask = 2147483647;
			files = (
			);
			inputPaths = (
			);
			name = "[CP] Check Pods Manifest.lock";
			outputPaths = (
			);
			runOnlyForDeploymentPostprocessing = 0;
			shellPath = /bin/sh;
			shellScript = "diff \"${PODS_ROOT}/../Podfile.lock\" \"${PODS_ROOT}/Manifest.lock\" > /dev/null\nif [ $? != 0 ] ; then\n    # print error to STDERR\n    echo \"error: The sandbox is not in sync with the Podfile.lock. Run 'pod install' or update your CocoaPods installation.\" >&2\n    exit 1\nfi\n";
			showEnvVarsInLog = 0;
		};
		E00891E2C24AA03B308CCE31 /* [CP] Embed Pods Frameworks */ = {
			isa = PBXShellScriptBuildPhase;
			buildActionMask = 2147483647;
			files = (
			);
			inputPaths = (
			);
			name = "[CP] Embed Pods Frameworks";
			outputPaths = (
			);
			runOnlyForDeploymentPostprocessing = 0;
			shellPath = /bin/sh;
			shellScript = "\"${SRCROOT}/Pods/Target Support Files/Pods-ImitateDY/Pods-ImitateDY-frameworks.sh\"\n";
			showEnvVarsInLog = 0;
		};
/* End PBXShellScriptBuildPhase section */

/* Begin PBXSourcesBuildPhase section */
		44F49A081FC56C4800E52CE5 /* Sources */ = {
			isa = PBXSourcesBuildPhase;
			buildActionMask = 2147483647;
			files = (
				44F49A1F1FC56C4900E52CE5 /* main.m in Sources */,
				44F49A351FC57D2000E52CE5 /* MainViewController.m in Sources */,
				44F49A111FC56C4900E52CE5 /* AppDelegate.m in Sources */,
				44F49A3C1FC586DD00E52CE5 /* PlayerScrollView.m in Sources */,
				44F49A391FC5837D00E52CE5 /* VideoModel.m in Sources */,
			);
			runOnlyForDeploymentPostprocessing = 0;
		};
		44F49A201FC56C4900E52CE5 /* Sources */ = {
			isa = PBXSourcesBuildPhase;
			buildActionMask = 2147483647;
			files = (
				44F49A291FC56C4900E52CE5 /* ImitateDYUITests.m in Sources */,
			);
			runOnlyForDeploymentPostprocessing = 0;
		};
/* End PBXSourcesBuildPhase section */

/* Begin PBXTargetDependency section */
		44F49A261FC56C4900E52CE5 /* PBXTargetDependency */ = {
			isa = PBXTargetDependency;
			target = 44F49A0B1FC56C4800E52CE5 /* ImitateDY */;
			targetProxy = 44F49A251FC56C4900E52CE5 /* PBXContainerItemProxy */;
		};
/* End PBXTargetDependency section */

/* Begin PBXVariantGroup section */
		44F49A1A1FC56C4900E52CE5 /* LaunchScreen.storyboard */ = {
			isa = PBXVariantGroup;
			children = (
				44F49A1B1FC56C4900E52CE5 /* Base */,
			);
			name = LaunchScreen.storyboard;
			sourceTree = "<group>";
		};
/* End PBXVariantGroup section */

/* Begin XCBuildConfiguration section */
		44F49A2B1FC56C4900E52CE5 /* Debug */ = {
			isa = XCBuildConfiguration;
			buildSettings = {
				ALWAYS_SEARCH_USER_PATHS = NO;
				CLANG_ANALYZER_NONNULL = YES;
				CLANG_ANALYZER_NUMBER_OBJECT_CONVERSION = YES_AGGRESSIVE;
				CLANG_CXX_LANGUAGE_STANDARD = "gnu++14";
				CLANG_CXX_LIBRARY = "libc++";
				CLANG_ENABLE_MODULES = YES;
				CLANG_ENABLE_OBJC_ARC = YES;
				CLANG_WARN_BLOCK_CAPTURE_AUTORELEASING = YES;
				CLANG_WARN_BOOL_CONVERSION = YES;
				CLANG_WARN_COMMA = YES;
				CLANG_WARN_CONSTANT_CONVERSION = YES;
				CLANG_WARN_DIRECT_OBJC_ISA_USAGE = YES_ERROR;
				CLANG_WARN_DOCUMENTATION_COMMENTS = YES;
				CLANG_WARN_EMPTY_BODY = YES;
				CLANG_WARN_ENUM_CONVERSION = YES;
				CLANG_WARN_INFINITE_RECURSION = YES;
				CLANG_WARN_INT_CONVERSION = YES;
				CLANG_WARN_NON_LITERAL_NULL_CONVERSION = YES;
				CLANG_WARN_OBJC_LITERAL_CONVERSION = YES;
				CLANG_WARN_OBJC_ROOT_CLASS = YES_ERROR;
				CLANG_WARN_RANGE_LOOP_ANALYSIS = YES;
				CLANG_WARN_STRICT_PROTOTYPES = YES;
				CLANG_WARN_SUSPICIOUS_MOVE = YES;
				CLANG_WARN_UNGUARDED_AVAILABILITY = YES_AGGRESSIVE;
				CLANG_WARN_UNREACHABLE_CODE = YES;
				CLANG_WARN__DUPLICATE_METHOD_MATCH = YES;
				CODE_SIGN_IDENTITY = "iPhone Developer";
				COPY_PHASE_STRIP = NO;
				DEBUG_INFORMATION_FORMAT = dwarf;
				ENABLE_STRICT_OBJC_MSGSEND = YES;
				ENABLE_TESTABILITY = YES;
				GCC_C_LANGUAGE_STANDARD = gnu11;
				GCC_DYNAMIC_NO_PIC = NO;
				GCC_NO_COMMON_BLOCKS = YES;
				GCC_OPTIMIZATION_LEVEL = 0;
				GCC_PREPROCESSOR_DEFINITIONS = (
					"DEBUG=1",
					"$(inherited)",
				);
				GCC_WARN_64_TO_32_BIT_CONVERSION = YES;
				GCC_WARN_ABOUT_RETURN_TYPE = YES_ERROR;
				GCC_WARN_UNDECLARED_SELECTOR = YES;
				GCC_WARN_UNINITIALIZED_AUTOS = YES_AGGRESSIVE;
				GCC_WARN_UNUSED_FUNCTION = YES;
				GCC_WARN_UNUSED_VARIABLE = YES;
				IPHONEOS_DEPLOYMENT_TARGET = 11.1;
				MTL_ENABLE_DEBUG_INFO = YES;
				ONLY_ACTIVE_ARCH = YES;
				SDKROOT = iphoneos;
			};
			name = Debug;
		};
		44F49A2C1FC56C4900E52CE5 /* Release */ = {
			isa = XCBuildConfiguration;
			buildSettings = {
				ALWAYS_SEARCH_USER_PATHS = NO;
				CLANG_ANALYZER_NONNULL = YES;
				CLANG_ANALYZER_NUMBER_OBJECT_CONVERSION = YES_AGGRESSIVE;
				CLANG_CXX_LANGUAGE_STANDARD = "gnu++14";
				CLANG_CXX_LIBRARY = "libc++";
				CLANG_ENABLE_MODULES = YES;
				CLANG_ENABLE_OBJC_ARC = YES;
				CLANG_WARN_BLOCK_CAPTURE_AUTORELEASING = YES;
				CLANG_WARN_BOOL_CONVERSION = YES;
				CLANG_WARN_COMMA = YES;
				CLANG_WARN_CONSTANT_CONVERSION = YES;
				CLANG_WARN_DIRECT_OBJC_ISA_USAGE = YES_ERROR;
				CLANG_WARN_DOCUMENTATION_COMMENTS = YES;
				CLANG_WARN_EMPTY_BODY = YES;
				CLANG_WARN_ENUM_CONVERSION = YES;
				CLANG_WARN_INFINITE_RECURSION = YES;
				CLANG_WARN_INT_CONVERSION = YES;
				CLANG_WARN_NON_LITERAL_NULL_CONVERSION = YES;
				CLANG_WARN_OBJC_LITERAL_CONVERSION = YES;
				CLANG_WARN_OBJC_ROOT_CLASS = YES_ERROR;
				CLANG_WARN_RANGE_LOOP_ANALYSIS = YES;
				CLANG_WARN_STRICT_PROTOTYPES = YES;
				CLANG_WARN_SUSPICIOUS_MOVE = YES;
				CLANG_WARN_UNGUARDED_AVAILABILITY = YES_AGGRESSIVE;
				CLANG_WARN_UNREACHABLE_CODE = YES;
				CLANG_WARN__DUPLICATE_METHOD_MATCH = YES;
				CODE_SIGN_IDENTITY = "iPhone Developer";
				COPY_PHASE_STRIP = NO;
				DEBUG_INFORMATION_FORMAT = "dwarf-with-dsym";
				ENABLE_NS_ASSERTIONS = NO;
				ENABLE_STRICT_OBJC_MSGSEND = YES;
				GCC_C_LANGUAGE_STANDARD = gnu11;
				GCC_NO_COMMON_BLOCKS = YES;
				GCC_WARN_64_TO_32_BIT_CONVERSION = YES;
				GCC_WARN_ABOUT_RETURN_TYPE = YES_ERROR;
				GCC_WARN_UNDECLARED_SELECTOR = YES;
				GCC_WARN_UNINITIALIZED_AUTOS = YES_AGGRESSIVE;
				GCC_WARN_UNUSED_FUNCTION = YES;
				GCC_WARN_UNUSED_VARIABLE = YES;
				IPHONEOS_DEPLOYMENT_TARGET = 11.1;
				MTL_ENABLE_DEBUG_INFO = NO;
				SDKROOT = iphoneos;
				VALIDATE_PRODUCT = YES;
			};
			name = Release;
		};
		44F49A2E1FC56C4900E52CE5 /* Debug */ = {
			isa = XCBuildConfiguration;
			baseConfigurationReference = 745D023DC6C3B5E2058CB026 /* Pods-ImitateDY.debug.xcconfig */;
			buildSettings = {
				ASSETCATALOG_COMPILER_APPICON_NAME = AppIcon;
				CODE_SIGN_STYLE = Automatic;
				DEVELOPMENT_TEAM = 7Q3FN28VDH;
				GCC_PREFIX_HEADER = /Users/yangwei/dev/Project/ImitateDY/PrefixHeader.pch;
				INFOPLIST_FILE = ImitateDY/Info.plist;
				LD_RUNPATH_SEARCH_PATHS = "$(inherited) @executable_path/Frameworks";
				PRODUCT_BUNDLE_IDENTIFIER = will.Notification.ImitateDY;
				PRODUCT_NAME = "$(TARGET_NAME)";
				TARGETED_DEVICE_FAMILY = "1,2";
			};
			name = Debug;
		};
		44F49A2F1FC56C4900E52CE5 /* Release */ = {
			isa = XCBuildConfiguration;
			baseConfigurationReference = 907EAEBDEB284D6B7D587C70 /* Pods-ImitateDY.release.xcconfig */;
			buildSettings = {
				ASSETCATALOG_COMPILER_APPICON_NAME = AppIcon;
				CODE_SIGN_STYLE = Automatic;
				DEVELOPMENT_TEAM = 7Q3FN28VDH;
				GCC_PREFIX_HEADER = /Users/yangwei/dev/Project/ImitateDY/PrefixHeader.pch;
				INFOPLIST_FILE = ImitateDY/Info.plist;
				LD_RUNPATH_SEARCH_PATHS = "$(inherited) @executable_path/Frameworks";
				PRODUCT_BUNDLE_IDENTIFIER = will.Notification.ImitateDY;
				PRODUCT_NAME = "$(TARGET_NAME)";
				TARGETED_DEVICE_FAMILY = "1,2";
			};
			name = Release;
		};
		44F49A311FC56C4900E52CE5 /* Debug */ = {
			isa = XCBuildConfiguration;
			baseConfigurationReference = 2A177CAC7E827970AEB2B12A /* Pods-ImitateDYUITests.debug.xcconfig */;
			buildSettings = {
				CODE_SIGN_STYLE = Automatic;
				DEVELOPMENT_TEAM = 7Q3FN28VDH;
				INFOPLIST_FILE = ImitateDYUITests/Info.plist;
				LD_RUNPATH_SEARCH_PATHS = "$(inherited) @executable_path/Frameworks @loader_path/Frameworks";
				PRODUCT_BUNDLE_IDENTIFIER = will.Notification.ImitateDYUITests;
				PRODUCT_NAME = "$(TARGET_NAME)";
				TARGETED_DEVICE_FAMILY = "1,2";
				TEST_TARGET_NAME = ImitateDY;
			};
			name = Debug;
		};
		44F49A321FC56C4900E52CE5 /* Release */ = {
			isa = XCBuildConfiguration;
			baseConfigurationReference = 0EEE0DA2E9F745E6CF9B5D41 /* Pods-ImitateDYUITests.release.xcconfig */;
			buildSettings = {
				CODE_SIGN_STYLE = Automatic;
				DEVELOPMENT_TEAM = 7Q3FN28VDH;
				INFOPLIST_FILE = ImitateDYUITests/Info.plist;
				LD_RUNPATH_SEARCH_PATHS = "$(inherited) @executable_path/Frameworks @loader_path/Frameworks";
				PRODUCT_BUNDLE_IDENTIFIER = will.Notification.ImitateDYUITests;
				PRODUCT_NAME = "$(TARGET_NAME)";
				TARGETED_DEVICE_FAMILY = "1,2";
				TEST_TARGET_NAME = ImitateDY;
			};
			name = Release;
		};
/* End XCBuildConfiguration section */

/* Begin XCConfigurationList section */
		44F49A071FC56C4800E52CE5 /* Build configuration list for PBXProject "ImitateDY" */ = {
			isa = XCConfigurationList;
			buildConfigurations = (
				44F49A2B1FC56C4900E52CE5 /* Debug */,
				44F49A2C1FC56C4900E52CE5 /* Release */,
			);
			defaultConfigurationIsVisible = 0;
			defaultConfigurationName = Release;
		};
		44F49A2D1FC56C4900E52CE5 /* Build configuration list for PBXNativeTarget "ImitateDY" */ = {
			isa = XCConfigurationList;
			buildConfigurations = (
				44F49A2E1FC56C4900E52CE5 /* Debug */,
				44F49A2F1FC56C4900E52CE5 /* Release */,
			);
			defaultConfigurationIsVisible = 0;
			defaultConfigurationName = Release;
		};
		44F49A301FC56C4900E52CE5 /* Build configuration list for PBXNativeTarget "ImitateDYUITests" */ = {
			isa = XCConfigurationList;
			buildConfigurations = (
				44F49A311FC56C4900E52CE5 /* Debug */,
				44F49A321FC56C4900E52CE5 /* Release */,
			);
			defaultConfigurationIsVisible = 0;
			defaultConfigurationName = Release;
		};
/* End XCConfigurationList section */
	};
	rootObject = 44F49A041FC56C4800E52CE5 /* Project object */;
}
